
Microsoft Visual Studio Solution File, Format Version 12.00
# Visual Studio Version 16
VisualStudioVersion = 16.0.29503.13
MinimumVisualStudioVersion = 10.0.40219.1
Project("{FAE04EC0-301F-11D3-BF4B-00C04F79EFBC}") = "Advent Of Code", "Advent Of Code.csproj", "{7D0EBBD5-7933-435A-A497-ACC89B1E2276}"
EndProject
Global
	GlobalSection(SolutionConfigurationPlatforms) = preSolution
		Debug|Any CPU = Debug|Any CPU
		Release|Any CPU = Release|Any CPU
	EndGlobalSection
	GlobalSection(ProjectConfigurationPlatforms) = postSolution
		{7D0EBBD5-7933-435A-A497-ACC89B1E2276}.Debug|Any CPU.ActiveCfg = Debug|Any CPU
		{7D0EBBD5-7933-435A-A497-ACC89B1E2276}.Debug|Any CPU.Build.0 = Debug|Any CPU
		{7D0EBBD5-7933-435A-A497-ACC89B1E2276}.Release|Any CPU.ActiveCfg = Release|Any CPU
		{7D0EBBD5-7933-435A-A497-ACC89B1E2276}.Release|Any CPU.Build.0 = Release|Any CPU
	EndGlobalSection
	GlobalSection(SolutionProperties) = preSolution
		HideSolutionNode = FALSE
	EndGlobalSection
	GlobalSection(ExtensibilityGlobals) = postSolution
		SolutionGuid = {43855F36-EC1E-4A2E-B513-3F1FEEC2BB44}
	EndGlobalSection
EndGlobal
