
Microsoft Visual Studio Solution File, Format Version 12.00
# Visual Studio Version 16
VisualStudioVersion = 16.0.29503.13
MinimumVisualStudioVersion = 10.0.40219.1
Project("{FAE04EC0-301F-11D3-BF4B-00C04F79EFBC}") = "Day3", "Day3.csproj", "{C754812C-F2D0-4DF0-A07E-DF9B66BFFDA9}"
EndProject
Global
	GlobalSection(SolutionConfigurationPlatforms) = preSolution
		Debug|Any CPU = Debug|Any CPU
		Release|Any CPU = Release|Any CPU
	EndGlobalSection
	GlobalSection(ProjectConfigurationPlatforms) = postSolution
		{C754812C-F2D0-4DF0-A07E-DF9B66BFFDA9}.Debug|Any CPU.ActiveCfg = Debug|Any CPU
		{C754812C-F2D0-4DF0-A07E-DF9B66BFFDA9}.Debug|Any CPU.Build.0 = Debug|Any CPU
		{C754812C-F2D0-4DF0-A07E-DF9B66BFFDA9}.Release|Any CPU.ActiveCfg = Release|Any CPU
		{C754812C-F2D0-4DF0-A07E-DF9B66BFFDA9}.Release|Any CPU.Build.0 = Release|Any CPU
	EndGlobalSection
	GlobalSection(SolutionProperties) = preSolution
		HideSolutionNode = FALSE
	EndGlobalSection
	GlobalSection(ExtensibilityGlobals) = postSolution
		SolutionGuid = {E1ECA4EA-2962-4017-809D-F795EC308E42}
	EndGlobalSection
EndGlobal
