
Microsoft Visual Studio Solution File, Format Version 12.00
# Visual Studio Version 16
VisualStudioVersion = 16.0.29503.13
MinimumVisualStudioVersion = 10.0.40219.1
Project("{9A19103F-16F7-4668-BE54-9A1E7A4F7556}") = "Day6Part1", "Day6Part1.csproj", "{C9BE0988-167C-4A02-832A-72634B698567}"
EndProject
Global
	GlobalSection(SolutionConfigurationPlatforms) = preSolution
		Debug|Any CPU = Debug|Any CPU
		Release|Any CPU = Release|Any CPU
	EndGlobalSection
	GlobalSection(ProjectConfigurationPlatforms) = postSolution
		{C9BE0988-167C-4A02-832A-72634B698567}.Debug|Any CPU.ActiveCfg = Debug|Any CPU
		{C9BE0988-167C-4A02-832A-72634B698567}.Debug|Any CPU.Build.0 = Debug|Any CPU
		{C9BE0988-167C-4A02-832A-72634B698567}.Release|Any CPU.ActiveCfg = Release|Any CPU
		{C9BE0988-167C-4A02-832A-72634B698567}.Release|Any CPU.Build.0 = Release|Any CPU
	EndGlobalSection
	GlobalSection(SolutionProperties) = preSolution
		HideSolutionNode = FALSE
	EndGlobalSection
	GlobalSection(ExtensibilityGlobals) = postSolution
		SolutionGuid = {812E4FF6-C85C-4647-A595-89EB0D8B9AD9}
	EndGlobalSection
EndGlobal
