
Microsoft Visual Studio Solution File, Format Version 12.00
# Visual Studio Version 16
VisualStudioVersion = 16.0.29503.13
MinimumVisualStudioVersion = 10.0.40219.1
Project("{FAE04EC0-301F-11D3-BF4B-00C04F79EFBC}") = "AoC2", "AoC2.csproj", "{46DF1ACC-E6C7-43A7-AA6A-487B9E49B5B4}"
EndProject
Global
	GlobalSection(SolutionConfigurationPlatforms) = preSolution
		Debug|Any CPU = Debug|Any CPU
		Release|Any CPU = Release|Any CPU
	EndGlobalSection
	GlobalSection(ProjectConfigurationPlatforms) = postSolution
		{46DF1ACC-E6C7-43A7-AA6A-487B9E49B5B4}.Debug|Any CPU.ActiveCfg = Debug|Any CPU
		{46DF1ACC-E6C7-43A7-AA6A-487B9E49B5B4}.Debug|Any CPU.Build.0 = Debug|Any CPU
		{46DF1ACC-E6C7-43A7-AA6A-487B9E49B5B4}.Release|Any CPU.ActiveCfg = Release|Any CPU
		{46DF1ACC-E6C7-43A7-AA6A-487B9E49B5B4}.Release|Any CPU.Build.0 = Release|Any CPU
	EndGlobalSection
	GlobalSection(SolutionProperties) = preSolution
		HideSolutionNode = FALSE
	EndGlobalSection
	GlobalSection(ExtensibilityGlobals) = postSolution
		SolutionGuid = {0BF31C7D-0C54-45B3-AFD3-CC722E07897C}
	EndGlobalSection
EndGlobal
